
Microsoft Visual Studio Solution File, Format Version 12.00
# Visual Studio Version 16
VisualStudioVersion = 16.0.32802.440
MinimumVisualStudioVersion = 10.0.40219.1
Project("{FAE04EC0-301F-11D3-BF4B-00C04F79EFBC}") = "boss_game_thing", "boss game thing\boss_game_thing\boss_game_thing.csproj", "{AF3BA001-7CA5-473C-BC6D-E9EFB515532D}"
EndProject
Project("{FAE04EC0-301F-11D3-BF4B-00C04F79EFBC}") = "boss_game_thingContent", "boss game thing\boss_game_thingContent\boss_game_thingContent.contentproj", "{938E3867-537F-4BBF-A802-D3441F75B714}"
EndProject
Global
	GlobalSection(SolutionConfigurationPlatforms) = preSolution
		Debug|x86 = Debug|x86
		Release|x86 = Release|x86
	EndGlobalSection
	GlobalSection(ProjectConfigurationPlatforms) = postSolution
		{AF3BA001-7CA5-473C-BC6D-E9EFB515532D}.Debug|x86.ActiveCfg = Debug|x86
		{AF3BA001-7CA5-473C-BC6D-E9EFB515532D}.Debug|x86.Build.0 = Debug|x86
		{AF3BA001-7CA5-473C-BC6D-E9EFB515532D}.Release|x86.ActiveCfg = Release|x86
		{AF3BA001-7CA5-473C-BC6D-E9EFB515532D}.Release|x86.Build.0 = Release|x86
		{938E3867-537F-4BBF-A802-D3441F75B714}.Debug|x86.ActiveCfg = Debug|x86
		{938E3867-537F-4BBF-A802-D3441F75B714}.Release|x86.ActiveCfg = Release|x86
	EndGlobalSection
	GlobalSection(SolutionProperties) = preSolution
		HideSolutionNode = FALSE
	EndGlobalSection
	GlobalSection(ExtensibilityGlobals) = postSolution
		SolutionGuid = {BC84D35E-23C1-4144-815E-9F79C68D5D83}
	EndGlobalSection
EndGlobal
